
Microsoft Visual Studio Solution File, Format Version 12.00
# Visual Studio Version 17
VisualStudioVersion = 17.10.35004.147
MinimumVisualStudioVersion = 10.0.40219.1
Project("{FAE04EC0-301F-11D3-BF4B-00C04F79EFBC}") = "MakeMKV Title Decoder", "MakeMKV Title Decoder\MakeMKV Title Decoder.csproj", "{BD5DB650-8BD3-43A4-A8A6-B5C0A170DC27}"
EndProject
Global
	GlobalSection(SolutionConfigurationPlatforms) = preSolution
		Debug|Any CPU = Debug|Any CPU
		Release|Any CPU = Release|Any CPU
	EndGlobalSection
	GlobalSection(ProjectConfigurationPlatforms) = postSolution
		{BD5DB650-8BD3-43A4-A8A6-B5C0A170DC27}.Debug|Any CPU.ActiveCfg = Debug|Any CPU
		{BD5DB650-8BD3-43A4-A8A6-B5C0A170DC27}.Debug|Any CPU.Build.0 = Debug|Any CPU
		{BD5DB650-8BD3-43A4-A8A6-B5C0A170DC27}.Release|Any CPU.ActiveCfg = Release|Any CPU
		{BD5DB650-8BD3-43A4-A8A6-B5C0A170DC27}.Release|Any CPU.Build.0 = Release|Any CPU
	EndGlobalSection
	GlobalSection(SolutionProperties) = preSolution
		HideSolutionNode = FALSE
	EndGlobalSection
	GlobalSection(ExtensibilityGlobals) = postSolution
		SolutionGuid = {E13B80E2-0D1F-48D1-8368-024491995B22}
	EndGlobalSection
EndGlobal
