
Microsoft Visual Studio Solution File, Format Version 12.00
# Visual Studio Version 17
VisualStudioVersion = 17.10.35004.147
MinimumVisualStudioVersion = 10.0.40219.1
Project("{9A19103F-16F7-4668-BE54-9A1E7A4F7556}") = "MakeMKV Title Decoder", "MakeMKV Title Decoder\MakeMKV Title Decoder.csproj", "{BD5DB650-8BD3-43A4-A8A6-B5C0A170DC27}"
EndProject
Project("{9A19103F-16F7-4668-BE54-9A1E7A4F7556}") = "IdentificationTests", "IdentificationTests\IdentificationTests.csproj", "{108ABB95-CF5A-464E-AD29-AE436BB6D21E}"
EndProject
Project("{FAE04EC0-301F-11D3-BF4B-00C04F79EFBC}") = "libbluray", "libbluray\libbluray.csproj", "{2DFCFBD4-B984-4508-BB30-D2D958AF54B8}"
EndProject
Global
	GlobalSection(SolutionConfigurationPlatforms) = preSolution
		Debug|Any CPU = Debug|Any CPU
		Debug|x64 = Debug|x64
		Release|Any CPU = Release|Any CPU
		Release|x64 = Release|x64
	EndGlobalSection
	GlobalSection(ProjectConfigurationPlatforms) = postSolution
		{BD5DB650-8BD3-43A4-A8A6-B5C0A170DC27}.Debug|Any CPU.ActiveCfg = Debug|Any CPU
		{BD5DB650-8BD3-43A4-A8A6-B5C0A170DC27}.Debug|Any CPU.Build.0 = Debug|Any CPU
		{BD5DB650-8BD3-43A4-A8A6-B5C0A170DC27}.Debug|x64.ActiveCfg = Debug|x64
		{BD5DB650-8BD3-43A4-A8A6-B5C0A170DC27}.Debug|x64.Build.0 = Debug|x64
		{BD5DB650-8BD3-43A4-A8A6-B5C0A170DC27}.Release|Any CPU.ActiveCfg = Release|Any CPU
		{BD5DB650-8BD3-43A4-A8A6-B5C0A170DC27}.Release|Any CPU.Build.0 = Release|Any CPU
		{BD5DB650-8BD3-43A4-A8A6-B5C0A170DC27}.Release|x64.ActiveCfg = Release|x64
		{BD5DB650-8BD3-43A4-A8A6-B5C0A170DC27}.Release|x64.Build.0 = Release|x64
		{108ABB95-CF5A-464E-AD29-AE436BB6D21E}.Debug|Any CPU.ActiveCfg = Debug|Any CPU
		{108ABB95-CF5A-464E-AD29-AE436BB6D21E}.Debug|Any CPU.Build.0 = Debug|Any CPU
		{108ABB95-CF5A-464E-AD29-AE436BB6D21E}.Debug|x64.ActiveCfg = Debug|Any CPU
		{108ABB95-CF5A-464E-AD29-AE436BB6D21E}.Debug|x64.Build.0 = Debug|Any CPU
		{108ABB95-CF5A-464E-AD29-AE436BB6D21E}.Release|Any CPU.ActiveCfg = Release|Any CPU
		{108ABB95-CF5A-464E-AD29-AE436BB6D21E}.Release|Any CPU.Build.0 = Release|Any CPU
		{108ABB95-CF5A-464E-AD29-AE436BB6D21E}.Release|x64.ActiveCfg = Release|Any CPU
		{108ABB95-CF5A-464E-AD29-AE436BB6D21E}.Release|x64.Build.0 = Release|Any CPU
		{2DFCFBD4-B984-4508-BB30-D2D958AF54B8}.Debug|Any CPU.ActiveCfg = Debug|Any CPU
		{2DFCFBD4-B984-4508-BB30-D2D958AF54B8}.Debug|Any CPU.Build.0 = Debug|Any CPU
		{2DFCFBD4-B984-4508-BB30-D2D958AF54B8}.Debug|x64.ActiveCfg = Debug|Any CPU
		{2DFCFBD4-B984-4508-BB30-D2D958AF54B8}.Debug|x64.Build.0 = Debug|Any CPU
		{2DFCFBD4-B984-4508-BB30-D2D958AF54B8}.Release|Any CPU.ActiveCfg = Release|Any CPU
		{2DFCFBD4-B984-4508-BB30-D2D958AF54B8}.Release|Any CPU.Build.0 = Release|Any CPU
		{2DFCFBD4-B984-4508-BB30-D2D958AF54B8}.Release|x64.ActiveCfg = Release|Any CPU
		{2DFCFBD4-B984-4508-BB30-D2D958AF54B8}.Release|x64.Build.0 = Release|Any CPU
	EndGlobalSection
	GlobalSection(SolutionProperties) = preSolution
		HideSolutionNode = FALSE
	EndGlobalSection
	GlobalSection(ExtensibilityGlobals) = postSolution
		SolutionGuid = {E13B80E2-0D1F-48D1-8368-024491995B22}
	EndGlobalSection
EndGlobal
